
Microsoft Visual Studio Solution File, Format Version 12.00
# Visual Studio Version 17
VisualStudioVersion = 17.8.34330.188
MinimumVisualStudioVersion = 10.0.40219.1
Project("{9A19103F-16F7-4668-BE54-9A1E7A4F7556}") = "MagicOrbwalker1", "MagicOrbwalker1.csproj", "{545928F9-546A-4089-94D1-4D08A9C98830}"
EndProject
Global
	GlobalSection(SolutionConfigurationPlatforms) = preSolution
		Debug|Any CPU = Debug|Any CPU
		Release|Any CPU = Release|Any CPU
	EndGlobalSection
	GlobalSection(ProjectConfigurationPlatforms) = postSolution
		{545928F9-546A-4089-94D1-4D08A9C98830}.Debug|Any CPU.ActiveCfg = Debug|Any CPU
		{545928F9-546A-4089-94D1-4D08A9C98830}.Debug|Any CPU.Build.0 = Debug|Any CPU
		{545928F9-546A-4089-94D1-4D08A9C98830}.Release|Any CPU.ActiveCfg = Release|Any CPU
		{545928F9-546A-4089-94D1-4D08A9C98830}.Release|Any CPU.Build.0 = Release|Any CPU
	EndGlobalSection
	GlobalSection(SolutionProperties) = preSolution
		HideSolutionNode = FALSE
	EndGlobalSection
	GlobalSection(ExtensibilityGlobals) = postSolution
		SolutionGuid = {A25C9C7A-29D3-43F4-B6E3-3D780AE4220F}
	EndGlobalSection
EndGlobal
